
Microsoft Visual Studio Solution File, Format Version 12.00
# Visual Studio 15
VisualStudioVersion = 15.0.28010.2046
MinimumVisualStudioVersion = 10.0.40219.1
Project("{FAE04EC0-301F-11D3-BF4B-00C04F79EFBC}") = "DesktopCapture", "DesktopCapture\DesktopCapture.csproj", "{92BE9364-A0DD-47DD-8B8B-F94831135738}"
EndProject
Project("{FAE04EC0-301F-11D3-BF4B-00C04F79EFBC}") = "DesktopCaptureWindowsForms", "DesktopCaptureWindowsForms\DesktopCaptureWindowsForms.csproj", "{39CCB999-DE8E-4573-A476-310CD13634F2}"
EndProject
Global
	GlobalSection(SolutionConfigurationPlatforms) = preSolution
		Debug|Any CPU = Debug|Any CPU
		Debug|x64 = Debug|x64
		Debug|x86 = Debug|x86
		Release|Any CPU = Release|Any CPU
		Release|x64 = Release|x64
		Release|x86 = Release|x86
	EndGlobalSection
	GlobalSection(ProjectConfigurationPlatforms) = postSolution
		{92BE9364-A0DD-47DD-8B8B-F94831135738}.Debug|Any CPU.ActiveCfg = Debug|Any CPU
		{92BE9364-A0DD-47DD-8B8B-F94831135738}.Debug|Any CPU.Build.0 = Debug|Any CPU
		{92BE9364-A0DD-47DD-8B8B-F94831135738}.Debug|x64.ActiveCfg = Debug|x64
		{92BE9364-A0DD-47DD-8B8B-F94831135738}.Debug|x64.Build.0 = Debug|x64
		{92BE9364-A0DD-47DD-8B8B-F94831135738}.Debug|x86.ActiveCfg = Debug|Any CPU
		{92BE9364-A0DD-47DD-8B8B-F94831135738}.Debug|x86.Build.0 = Debug|Any CPU
		{92BE9364-A0DD-47DD-8B8B-F94831135738}.Release|Any CPU.ActiveCfg = Release|Any CPU
		{92BE9364-A0DD-47DD-8B8B-F94831135738}.Release|Any CPU.Build.0 = Release|Any CPU
		{92BE9364-A0DD-47DD-8B8B-F94831135738}.Release|x64.ActiveCfg = Release|x64
		{92BE9364-A0DD-47DD-8B8B-F94831135738}.Release|x64.Build.0 = Release|x64
		{92BE9364-A0DD-47DD-8B8B-F94831135738}.Release|x86.ActiveCfg = Release|Any CPU
		{92BE9364-A0DD-47DD-8B8B-F94831135738}.Release|x86.Build.0 = Release|Any CPU
		{39CCB999-DE8E-4573-A476-310CD13634F2}.Debug|Any CPU.ActiveCfg = Debug|Any CPU
		{39CCB999-DE8E-4573-A476-310CD13634F2}.Debug|Any CPU.Build.0 = Debug|Any CPU
		{39CCB999-DE8E-4573-A476-310CD13634F2}.Debug|x64.ActiveCfg = Debug|x64
		{39CCB999-DE8E-4573-A476-310CD13634F2}.Debug|x64.Build.0 = Debug|x64
		{39CCB999-DE8E-4573-A476-310CD13634F2}.Debug|x86.ActiveCfg = Debug|Any CPU
		{39CCB999-DE8E-4573-A476-310CD13634F2}.Debug|x86.Build.0 = Debug|Any CPU
		{39CCB999-DE8E-4573-A476-310CD13634F2}.Release|Any CPU.ActiveCfg = Release|Any CPU
		{39CCB999-DE8E-4573-A476-310CD13634F2}.Release|Any CPU.Build.0 = Release|Any CPU
		{39CCB999-DE8E-4573-A476-310CD13634F2}.Release|x64.ActiveCfg = Release|x64
		{39CCB999-DE8E-4573-A476-310CD13634F2}.Release|x64.Build.0 = Release|x64
		{39CCB999-DE8E-4573-A476-310CD13634F2}.Release|x86.ActiveCfg = Release|Any CPU
		{39CCB999-DE8E-4573-A476-310CD13634F2}.Release|x86.Build.0 = Release|Any CPU
	EndGlobalSection
	GlobalSection(SolutionProperties) = preSolution
		HideSolutionNode = FALSE
	EndGlobalSection
	GlobalSection(ExtensibilityGlobals) = postSolution
		SolutionGuid = {6489E60B-97EC-484B-A6F0-C761D50EFA79}
	EndGlobalSection
EndGlobal
